
Microsoft Visual Studio Solution File, Format Version 12.00
# Visual Studio Version 17
VisualStudioVersion = 17.8.34316.72
MinimumVisualStudioVersion = 10.0.40219.1
Project("{FAE04EC0-301F-11D3-BF4B-00C04F79EFBC}") = "looool", "looool.csproj", "{020365A3-0FF8-472B-84FA-DBF1164DED55}"
EndProject
Global
	GlobalSection(SolutionConfigurationPlatforms) = preSolution
		Debug|Any CPU = Debug|Any CPU
		Release|Any CPU = Release|Any CPU
	EndGlobalSection
	GlobalSection(ProjectConfigurationPlatforms) = postSolution
		{020365A3-0FF8-472B-84FA-DBF1164DED55}.Debug|Any CPU.ActiveCfg = Debug|Any CPU
		{020365A3-0FF8-472B-84FA-DBF1164DED55}.Debug|Any CPU.Build.0 = Debug|Any CPU
		{020365A3-0FF8-472B-84FA-DBF1164DED55}.Release|Any CPU.ActiveCfg = Release|Any CPU
		{020365A3-0FF8-472B-84FA-DBF1164DED55}.Release|Any CPU.Build.0 = Release|Any CPU
	EndGlobalSection
	GlobalSection(SolutionProperties) = preSolution
		HideSolutionNode = FALSE
	EndGlobalSection
	GlobalSection(ExtensibilityGlobals) = postSolution
		SolutionGuid = {3B1D4A53-FC4F-415B-AC0F-757A4CA34052}
	EndGlobalSection
EndGlobal
